
Microsoft Visual Studio Solution File, Format Version 12.00
# Visual Studio Version 17
VisualStudioVersion = 17.11.35222.181
MinimumVisualStudioVersion = 10.0.40219.1
Project("{FAE04EC0-301F-11D3-BF4B-00C04F79EFBC}") = "A_1057_Tugas 2 Praktikum", "A_1057_Tugas 2 Praktikum.csproj", "{235C328F-E4ED-48C8-970A-4D448D72EEF8}"
EndProject
Global
	GlobalSection(SolutionConfigurationPlatforms) = preSolution
		Debug|Any CPU = Debug|Any CPU
		Release|Any CPU = Release|Any CPU
	EndGlobalSection
	GlobalSection(ProjectConfigurationPlatforms) = postSolution
		{235C328F-E4ED-48C8-970A-4D448D72EEF8}.Debug|Any CPU.ActiveCfg = Debug|Any CPU
		{235C328F-E4ED-48C8-970A-4D448D72EEF8}.Debug|Any CPU.Build.0 = Debug|Any CPU
		{235C328F-E4ED-48C8-970A-4D448D72EEF8}.Release|Any CPU.ActiveCfg = Release|Any CPU
		{235C328F-E4ED-48C8-970A-4D448D72EEF8}.Release|Any CPU.Build.0 = Release|Any CPU
	EndGlobalSection
	GlobalSection(SolutionProperties) = preSolution
		HideSolutionNode = FALSE
	EndGlobalSection
	GlobalSection(ExtensibilityGlobals) = postSolution
		SolutionGuid = {D6590082-973D-4AE9-99EC-B7E15FCA5942}
	EndGlobalSection
EndGlobal
